
Microsoft Visual Studio Solution File, Format Version 12.00
# Visual Studio Version 16
VisualStudioVersion = 16.0.30523.141
MinimumVisualStudioVersion = 10.0.40219.1
Project("{FAE04EC0-301F-11D3-BF4B-00C04F79EFBC}") = "AtmServer", "AtmServer\AtmServer.csproj", "{3B65D5C3-0A05-4901-B843-20843D7E09D4}"
EndProject
Global
	GlobalSection(SolutionConfigurationPlatforms) = preSolution
		Debug|Any CPU = Debug|Any CPU
		Release|Any CPU = Release|Any CPU
	EndGlobalSection
	GlobalSection(ProjectConfigurationPlatforms) = postSolution
		{3B65D5C3-0A05-4901-B843-20843D7E09D4}.Debug|Any CPU.ActiveCfg = Debug|Any CPU
		{3B65D5C3-0A05-4901-B843-20843D7E09D4}.Debug|Any CPU.Build.0 = Debug|Any CPU
		{3B65D5C3-0A05-4901-B843-20843D7E09D4}.Release|Any CPU.ActiveCfg = Release|Any CPU
		{3B65D5C3-0A05-4901-B843-20843D7E09D4}.Release|Any CPU.Build.0 = Release|Any CPU
	EndGlobalSection
	GlobalSection(SolutionProperties) = preSolution
		HideSolutionNode = FALSE
	EndGlobalSection
	GlobalSection(ExtensibilityGlobals) = postSolution
		SolutionGuid = {42AAFF89-467F-4F44-9C10-5C7572C95582}
	EndGlobalSection
EndGlobal
